
Microsoft Visual Studio Solution File, Format Version 12.00
# Visual Studio Version 17
VisualStudioVersion = 17.1.32328.378
MinimumVisualStudioVersion = 10.0.40219.1
Project("{FAE04EC0-301F-11D3-BF4B-00C04F79EFBC}") = "MoviesCRUD", "MoviesCRUD\MoviesCRUD.csproj", "{C28355A2-0C0F-4925-B68C-DB92BBAC7FEA}"
EndProject
Global
	GlobalSection(SolutionConfigurationPlatforms) = preSolution
		Debug|Any CPU = Debug|Any CPU
		Release|Any CPU = Release|Any CPU
	EndGlobalSection
	GlobalSection(ProjectConfigurationPlatforms) = postSolution
		{C28355A2-0C0F-4925-B68C-DB92BBAC7FEA}.Debug|Any CPU.ActiveCfg = Debug|Any CPU
		{C28355A2-0C0F-4925-B68C-DB92BBAC7FEA}.Debug|Any CPU.Build.0 = Debug|Any CPU
		{C28355A2-0C0F-4925-B68C-DB92BBAC7FEA}.Release|Any CPU.ActiveCfg = Release|Any CPU
		{C28355A2-0C0F-4925-B68C-DB92BBAC7FEA}.Release|Any CPU.Build.0 = Release|Any CPU
	EndGlobalSection
	GlobalSection(SolutionProperties) = preSolution
		HideSolutionNode = FALSE
	EndGlobalSection
	GlobalSection(ExtensibilityGlobals) = postSolution
		SolutionGuid = {B24D8174-3EC2-4105-AC32-E5EFACD3004F}
	EndGlobalSection
EndGlobal
